
Microsoft Visual Studio Solution File, Format Version 9.00
# Visual Studio 2005
# Clarion 2.1.0.2447
Project("{12B76EC0-1D7B-4FA7-A7D0-C524288B48A1}") = "Aplikacija", "Aplikacija.cwproj", "{C3AD42FA-7B0C-4E37-BE15-9A650FAA17E5}"
EndProject
Project("{2150E333-8FDC-42A3-9474-1A3956D46DE8}") = "Solution Items", "Solution Items", "{{2150E333-8FDC-42A3-9474-1A3956D46DE8}}"
	ProjectSection(SolutionItems) = postProject
		Aplikacija.app = Aplikacija.app
	EndProjectSection
EndProject
Global
	GlobalSection(SolutionConfigurationPlatforms) = preSolution
		Debug|Win32 = Debug|Win32
		Release|Win32 = Release|Win32
	EndGlobalSection
	GlobalSection(ProjectConfigurationPlatforms) = postSolution
		{C3AD42FA-7B0C-4E37-BE15-9A650FAA17E5}.Debug|Win32.Build.0 = Debug|Win32
		{C3AD42FA-7B0C-4E37-BE15-9A650FAA17E5}.Debug|Win32.ActiveCfg = Debug|Win32
		{C3AD42FA-7B0C-4E37-BE15-9A650FAA17E5}.Release|Win32.Build.0 = Release|Win32
		{C3AD42FA-7B0C-4E37-BE15-9A650FAA17E5}.Release|Win32.ActiveCfg = Release|Win32
	EndGlobalSection
EndGlobal
